
Microsoft Visual Studio Solution File, Format Version 12.00
# Visual Studio 15
VisualStudioVersion = 15.0.28306.52
MinimumVisualStudioVersion = 10.0.40219.1
Project("{FAE04EC0-301F-11D3-BF4B-00C04F79EFBC}") = "BlogApplication", "BlogApplication\BlogApplication.csproj", "{5D4A7489-B8BD-4930-AF98-BD85D30476B1}"
EndProject
Project("{FAE04EC0-301F-11D3-BF4B-00C04F79EFBC}") = "BlogApplication.Migrations", "BlogApplication.Migrations\BlogApplication.Migrations.csproj", "{DBD6C16E-4D21-45A3-9FFE-FF34E582DBF5}"
EndProject
Project("{FAE04EC0-301F-11D3-BF4B-00C04F79EFBC}") = "BlogApplication.Data", "BlogApplication.Data\BlogApplication.Data.csproj", "{1685EEA0-947C-4030-864F-C94742308BCD}"
EndProject
Global
	GlobalSection(SolutionConfigurationPlatforms) = preSolution
		Debug|Any CPU = Debug|Any CPU
		Release|Any CPU = Release|Any CPU
	EndGlobalSection
	GlobalSection(ProjectConfigurationPlatforms) = postSolution
		{5D4A7489-B8BD-4930-AF98-BD85D30476B1}.Debug|Any CPU.ActiveCfg = Debug|Any CPU
		{5D4A7489-B8BD-4930-AF98-BD85D30476B1}.Debug|Any CPU.Build.0 = Debug|Any CPU
		{5D4A7489-B8BD-4930-AF98-BD85D30476B1}.Release|Any CPU.ActiveCfg = Release|Any CPU
		{5D4A7489-B8BD-4930-AF98-BD85D30476B1}.Release|Any CPU.Build.0 = Release|Any CPU
		{DBD6C16E-4D21-45A3-9FFE-FF34E582DBF5}.Debug|Any CPU.ActiveCfg = Debug|Any CPU
		{DBD6C16E-4D21-45A3-9FFE-FF34E582DBF5}.Debug|Any CPU.Build.0 = Debug|Any CPU
		{DBD6C16E-4D21-45A3-9FFE-FF34E582DBF5}.Release|Any CPU.ActiveCfg = Release|Any CPU
		{DBD6C16E-4D21-45A3-9FFE-FF34E582DBF5}.Release|Any CPU.Build.0 = Release|Any CPU
		{1685EEA0-947C-4030-864F-C94742308BCD}.Debug|Any CPU.ActiveCfg = Debug|Any CPU
		{1685EEA0-947C-4030-864F-C94742308BCD}.Debug|Any CPU.Build.0 = Debug|Any CPU
		{1685EEA0-947C-4030-864F-C94742308BCD}.Release|Any CPU.ActiveCfg = Release|Any CPU
		{1685EEA0-947C-4030-864F-C94742308BCD}.Release|Any CPU.Build.0 = Release|Any CPU
	EndGlobalSection
	GlobalSection(SolutionProperties) = preSolution
		HideSolutionNode = FALSE
	EndGlobalSection
	GlobalSection(ExtensibilityGlobals) = postSolution
		SolutionGuid = {174B6BF7-63C8-49A9-862A-D2B54F5F0B3E}
	EndGlobalSection
EndGlobal
